
Microsoft Visual Studio Solution File, Format Version 12.00
# Visual Studio 15
VisualStudioVersion = 15.0.28307.329
MinimumVisualStudioVersion = 10.0.40219.1
Project("{8BC9CEB8-8B4A-11D0-8D11-00A0C91BC942}") = "SimpleGameBase", "SimpleGameBase\SimpleGameBase.vcxproj", "{D34EB881-23CB-47B7-AC9F-46C38205FAFD}"
EndProject
Global
	GlobalSection(SolutionConfigurationPlatforms) = preSolution
		Debug|x64 = Debug|x64
		Debug|x86 = Debug|x86
		Release|x64 = Release|x64
		Release|x86 = Release|x86
	EndGlobalSection
	GlobalSection(ProjectConfigurationPlatforms) = postSolution
		{D34EB881-23CB-47B7-AC9F-46C38205FAFD}.Debug|x64.ActiveCfg = Debug|x64
		{D34EB881-23CB-47B7-AC9F-46C38205FAFD}.Debug|x64.Build.0 = Debug|x64
		{D34EB881-23CB-47B7-AC9F-46C38205FAFD}.Debug|x86.ActiveCfg = Debug|Win32
		{D34EB881-23CB-47B7-AC9F-46C38205FAFD}.Debug|x86.Build.0 = Debug|Win32
		{D34EB881-23CB-47B7-AC9F-46C38205FAFD}.Release|x64.ActiveCfg = Release|x64
		{D34EB881-23CB-47B7-AC9F-46C38205FAFD}.Release|x64.Build.0 = Release|x64
		{D34EB881-23CB-47B7-AC9F-46C38205FAFD}.Release|x86.ActiveCfg = Release|Win32
		{D34EB881-23CB-47B7-AC9F-46C38205FAFD}.Release|x86.Build.0 = Release|Win32
	EndGlobalSection
	GlobalSection(SolutionProperties) = preSolution
		HideSolutionNode = FALSE
	EndGlobalSection
	GlobalSection(ExtensibilityGlobals) = postSolution
		SolutionGuid = {6D3D4C86-9426-430C-983A-67049F1CE6D2}
	EndGlobalSection
EndGlobal
